{
    "hash": "dafcffe4b8ff47ac6b30e5e34f297b98",
    "packages": [
        {
            "package": "doctrine/common",
            "version": "2.2.x-dev",
            "source-reference": "1e0aa60d109c630d19543d999f12e2852ef8f932",
            "commit-date": "1334303204"
        }
    ],
    "packages-dev": [
        {
            "package": "pear-pear.phpunit.de/File_Iterator",
            "version": "1.3.1"
        },
        {
            "package": "pear-pear.phpunit.de/PHPUnit",
            "version": "3.6.11"
        },
        {
            "package": "pear-pear.phpunit.de/PHPUnit_MockObject",
            "version": "1.1.1"
        },
        {
            "package": "pear-pear.phpunit.de/PHP_CodeCoverage",
            "version": "1.1.3"
        },
        {
            "package": "pear-pear.phpunit.de/PHP_Timer",
            "version": "1.0.2"
        },
        {
            "package": "pear-pear.phpunit.de/PHP_TokenStream",
            "version": "1.1.3"
        },
        {
            "package": "pear-pear.phpunit.de/Text_Template",
            "version": "1.1.1"
        },
        {
            "package": "pear-pear.symfony-project.com/YAML",
            "version": "1.0.6"
        },
        {
            "package": "phake/phake",
            "version": "dev-master",
            "source-reference": "4d822246b401f4dc609500d47e42dac8df645f4f",
            "commit-date": "1337008011"
        }
    ],
    "aliases": [

    ],
    "minimum-stability": "stable",
    "stability-flags": {
        "phake/phake": 20
    }
}
